
Microsoft Visual Studio Solution File, Format Version 12.00
# Visual Studio Version 17
VisualStudioVersion = 17.2.32616.157
MinimumVisualStudioVersion = 10.0.40219.1
Project("{FAE04EC0-301F-11D3-BF4B-00C04F79EFBC}") = "LojaChocolateApp", "LojaChocolateApp\LojaChocolateApp.csproj", "{C285B09D-AE2B-4F16-BB74-EFFB22357D20}"
EndProject
Global
	GlobalSection(SolutionConfigurationPlatforms) = preSolution
		Debug|Any CPU = Debug|Any CPU
		Release|Any CPU = Release|Any CPU
	EndGlobalSection
	GlobalSection(ProjectConfigurationPlatforms) = postSolution
		{C285B09D-AE2B-4F16-BB74-EFFB22357D20}.Debug|Any CPU.ActiveCfg = Debug|Any CPU
		{C285B09D-AE2B-4F16-BB74-EFFB22357D20}.Debug|Any CPU.Build.0 = Debug|Any CPU
		{C285B09D-AE2B-4F16-BB74-EFFB22357D20}.Release|Any CPU.ActiveCfg = Release|Any CPU
		{C285B09D-AE2B-4F16-BB74-EFFB22357D20}.Release|Any CPU.Build.0 = Release|Any CPU
	EndGlobalSection
	GlobalSection(SolutionProperties) = preSolution
		HideSolutionNode = FALSE
	EndGlobalSection
	GlobalSection(ExtensibilityGlobals) = postSolution
		SolutionGuid = {22B2C724-748D-4A32-975B-8C895005B54D}
	EndGlobalSection
EndGlobal
